
Microsoft Visual Studio Solution File, Format Version 11.00
# Visual Studio 2010
Project("{E24C65DC-7377-472B-9ABA-BC803B73C61A}") = "SlxClient", "..\..\inetpub\wwwroot\SLXSocial\SlxClient\", "{D527343F-52D5-45DF-9C4A-DBC89A42488F}"
	ProjectSection(WebsiteProperties) = preProject
		TargetFrameworkMoniker = ".NETFramework,Version%3Dv4.0"
		Debug.AspNetCompiler.VirtualPath = "/SlxClient"
		Debug.AspNetCompiler.PhysicalPath = "..\..\inetpub\wwwroot\SLXSocial\SlxClient\"
		Debug.AspNetCompiler.TargetPath = "PrecompiledWeb\SlxClient\"
		Debug.AspNetCompiler.Updateable = "true"
		Debug.AspNetCompiler.ForceOverwrite = "true"
		Debug.AspNetCompiler.FixedNames = "false"
		Debug.AspNetCompiler.Debug = "True"
		Release.AspNetCompiler.VirtualPath = "/SlxClient"
		Release.AspNetCompiler.PhysicalPath = "..\..\inetpub\wwwroot\SLXSocial\SlxClient\"
		Release.AspNetCompiler.TargetPath = "PrecompiledWeb\SlxClient\"
		Release.AspNetCompiler.Updateable = "true"
		Release.AspNetCompiler.ForceOverwrite = "true"
		Release.AspNetCompiler.FixedNames = "false"
		Release.AspNetCompiler.Debug = "False"
		VWDPort = "49333"
	EndProjectSection
EndProject
Project("{FAE04EC0-301F-11D3-BF4B-00C04F79EFBC}") = "UKPSG.Social.Mashups", ".\Mashups\UKPSG.Social.Mashups.csproj", "{40473D26-64E1-409A-8891-4634217C782F}"
EndProject
Global
	GlobalSection(SolutionConfigurationPlatforms) = preSolution
		Debug|Any CPU = Debug|Any CPU
		Release|Any CPU = Release|Any CPU
	EndGlobalSection
	GlobalSection(ProjectConfigurationPlatforms) = postSolution
		{D527343F-52D5-45DF-9C4A-DBC89A42488F}.Debug|Any CPU.ActiveCfg = Debug|Any CPU
		{D527343F-52D5-45DF-9C4A-DBC89A42488F}.Release|Any CPU.ActiveCfg = Debug|Any CPU
		{D527343F-52D5-45DF-9C4A-DBC89A42488F}.Release|Any CPU.Build.0 = Debug|Any CPU
		{5B84C407-721D-40EB-AE8C-8A98772B021A}.Debug|Any CPU.ActiveCfg = Debug|Any CPU
		{5B84C407-721D-40EB-AE8C-8A98772B021A}.Release|Any CPU.ActiveCfg = Debug|Any CPU
		{5B84C407-721D-40EB-AE8C-8A98772B021A}.Release|Any CPU.Build.0 = Debug|Any CPU
		{40473D26-64E1-409A-8891-4634217C782F}.Debug|Any CPU.ActiveCfg = Debug|Any CPU
		{40473D26-64E1-409A-8891-4634217C782F}.Debug|Any CPU.Build.0 = Debug|Any CPU
		{40473D26-64E1-409A-8891-4634217C782F}.Release|Any CPU.ActiveCfg = Release|Any CPU
		{40473D26-64E1-409A-8891-4634217C782F}.Release|Any CPU.Build.0 = Release|Any CPU
	EndGlobalSection
	GlobalSection(SolutionProperties) = preSolution
		HideSolutionNode = FALSE
	EndGlobalSection
EndGlobal
